
Microsoft Visual Studio Solution File, Format Version 12.00
# Visual Studio Version 17
VisualStudioVersion = 17.14.36518.9 d17.14
MinimumVisualStudioVersion = 10.0.40219.1
Project("{FAE04EC0-301F-11D3-BF4B-00C04F79EFBC}") = "modem", "modem.csproj", "{08555087-18C3-40C1-8665-AC3EEF6984EA}"
EndProject
Global
	GlobalSection(SolutionConfigurationPlatforms) = preSolution
		Debug|Any CPU = Debug|Any CPU
		Release|Any CPU = Release|Any CPU
	EndGlobalSection
	GlobalSection(ProjectConfigurationPlatforms) = postSolution
		{08555087-18C3-40C1-8665-AC3EEF6984EA}.Debug|Any CPU.ActiveCfg = Debug|Any CPU
		{08555087-18C3-40C1-8665-AC3EEF6984EA}.Debug|Any CPU.Build.0 = Debug|Any CPU
		{08555087-18C3-40C1-8665-AC3EEF6984EA}.Release|Any CPU.ActiveCfg = Release|Any CPU
		{08555087-18C3-40C1-8665-AC3EEF6984EA}.Release|Any CPU.Build.0 = Release|Any CPU
	EndGlobalSection
	GlobalSection(SolutionProperties) = preSolution
		HideSolutionNode = FALSE
	EndGlobalSection
	GlobalSection(ExtensibilityGlobals) = postSolution
		SolutionGuid = {7A260FFB-CCD8-41DD-937C-F5C4FA09596C}
	EndGlobalSection
EndGlobal
